
Microsoft Visual Studio Solution File, Format Version 12.00
# Visual Studio 15
VisualStudioVersion = 15.0.26730.12
MinimumVisualStudioVersion = 10.0.40219.1
Project("{9A19103F-16F7-4668-BE54-9A1E7A4F7556}") = "ClientManagement", "ClientManagement\ClientManagement.csproj", "{2126EF57-7B64-43DC-92C2-AF0CFD30B97B}"
EndProject
Global
	GlobalSection(SolutionConfigurationPlatforms) = preSolution
		Debug|Any CPU = Debug|Any CPU
		Release|Any CPU = Release|Any CPU
	EndGlobalSection
	GlobalSection(ProjectConfigurationPlatforms) = postSolution
		{2126EF57-7B64-43DC-92C2-AF0CFD30B97B}.Debug|Any CPU.ActiveCfg = Debug|Any CPU
		{2126EF57-7B64-43DC-92C2-AF0CFD30B97B}.Debug|Any CPU.Build.0 = Debug|Any CPU
		{2126EF57-7B64-43DC-92C2-AF0CFD30B97B}.Release|Any CPU.ActiveCfg = Release|Any CPU
		{2126EF57-7B64-43DC-92C2-AF0CFD30B97B}.Release|Any CPU.Build.0 = Release|Any CPU
	EndGlobalSection
	GlobalSection(SolutionProperties) = preSolution
		HideSolutionNode = FALSE
	EndGlobalSection
	GlobalSection(ExtensibilityGlobals) = postSolution
		SolutionGuid = {775820A5-868E-4D8A-9A35-66B393E88DA0}
	EndGlobalSection
EndGlobal
